# This file is automatically @generated by Cargo.
# It is not intended for manual editing.
version = 3

[[package]]
name = "cargo-optimise"
version = "0.1.0"
dependencies = [
 "sysexits",
]

[[package]]
name = "sysexits"
version = "0.2.2"
source = "registry+https://github.com/rust-lang/crates.io-index"
checksum = "f2903f013d77e79e27487e2899fd72314259f7c5565f9cc880bf4fdd20d1c9c8"
